<?xml version="1.0" encoding="utf-8"?>
<Project ToolsVersion="4.0" xmlns="http://schemas.microsoft.com/developer/msbuild/2003">
  <ItemGroup>
    <Filter Include="Source Files">
      <UniqueIdentifier>{4FC737F1-C7A5-4376-A066-2A32D752A2FF}</UniqueIdentifier>
      <Extensions>cpp;c;cc;cxx;def;odl;idl;hpj;bat;asm;asmx</Extensions>
    </Filter>
    <Filter Include="Header Files">
      <UniqueIdentifier>{93995380-89BD-4b04-88EB-625FBE52EBFB}</UniqueIdentifier>
      <Extensions>h;hh;hpp;hxx;hm;inl;inc;xsd</Extensions>
    </Filter>
    <Filter Include="Resource Files">
      <UniqueIdentifier>{67DA6AB6-F800-4c08-8B7A-83BB121AAD01}</UniqueIdentifier>
      <Extensions>rc;ico;cur;bmp;dlg;rc2;rct;bin;rgs;gif;jpg;jpeg;jpe;resx;tiff;tif;png;wav;mfcribbon-ms</Extensions>
    </Filter>
    <Filter Include="Resource Files\Apertures">
      <UniqueIdentifier>{a371ce97-fcc1-4fed-8597-1705841f47d1}</UniqueIdentifier>
    </Filter>
    <Filter Include="Resource Files\Shaders">
      <UniqueIdentifier>{a3c76a2a-c965-47ab-b23f-d6950e5b795c}</UniqueIdentifier>
    </Filter>
    <Filter Include="Source Files\Utilities">
      <UniqueIdentifier>{d73cf283-2db4-4ada-b318-27540e2ee4c0}</UniqueIdentifier>
    </Filter>
    <Filter Include="Header Files\Utilities">
      <UniqueIdentifier>{f70e0721-5877-4a2c-83b7-6be679887764}</UniqueIdentifier>
    </Filter>
    <Filter Include="Header Files\Core">
      <UniqueIdentifier>{1f8fdcd4-57e0-4444-b753-3bb0e1b658b0}</UniqueIdentifier>
    </Filter>
    <Filter Include="Source Files\Core">
      <UniqueIdentifier>{ad4246c2-107f-43d5-83e5-17db927a45fa}</UniqueIdentifier>
    </Filter>
    <Filter Include="Dependencies">
      <UniqueIdentifier>{ce72ae25-9790-4c8e-9785-ed08f248d86e}</UniqueIdentifier>
    </Filter>
    <Filter Include="Header Files\GUI">
      <UniqueIdentifier>{d748256c-753e-44ef-a500-572cbd2231ef}</UniqueIdentifier>
    </Filter>
    <Filter Include="Source Files\GUI">
      <UniqueIdentifier>{18a1e681-55a1-4d88-8f53-a0ab71340ded}</UniqueIdentifier>
    </Filter>
    <Filter Include="Resource Files\Shaders\Tonemapping">
      <UniqueIdentifier>{d0b1af37-4c3c-4547-a400-928782cceefb}</UniqueIdentifier>
    </Filter>
    <Filter Include="Resource Files\Shaders\Generic">
      <UniqueIdentifier>{d4b9ca4d-7020-4f9b-a293-f4156523028f}</UniqueIdentifier>
    </Filter>
    <Filter Include="Resource Files\san-miguel">
      <UniqueIdentifier>{5d304c33-5bee-44ff-86a6-b746dc80890c}</UniqueIdentifier>
    </Filter>
    <Filter Include="Resource Files\san-miguel\Maps">
      <UniqueIdentifier>{1abf58e7-1156-4369-bc61-d4a0db97780f}</UniqueIdentifier>
    </Filter>
    <Filter Include="Resource Files\lighthouse">
      <UniqueIdentifier>{86740743-44f5-4730-b85b-41747f352d11}</UniqueIdentifier>
    </Filter>
  </ItemGroup>
  <ItemGroup>
    <ClCompile Include="..\src\main.cpp">
      <Filter>Source Files</Filter>
    </ClCompile>
    <ClCompile Include="..\src\gui\window.cpp">
      <Filter>Source Files\GUI</Filter>
    </ClCompile>
    <ClCompile Include="..\src\gui\tweakbar.cpp">
      <Filter>Source Files\GUI</Filter>
    </ClCompile>
    <ClCompile Include="..\src\gui\framebuffer.cpp">
      <Filter>Source Files\GUI</Filter>
    </ClCompile>
    <ClCompile Include="..\src\utils\gl_utils.cpp">
      <Filter>Source Files\Utilities</Filter>
    </ClCompile>
    <ClCompile Include="..\src\utils\image.cpp">
      <Filter>Source Files\Utilities</Filter>
    </ClCompile>
    <ClCompile Include="..\src\core\model.cpp">
      <Filter>Source Files\Core</Filter>
    </ClCompile>
    <ClCompile Include="..\src\core\camera.cpp">
      <Filter>Source Files\Core</Filter>
    </ClCompile>
  </ItemGroup>
  <ItemGroup>
    <ClInclude Include="..\src\gui\tweakbar.h">
      <Filter>Header Files\GUI</Filter>
    </ClInclude>
    <ClInclude Include="..\src\gui\window.h">
      <Filter>Header Files\GUI</Filter>
    </ClInclude>
    <ClInclude Include="..\src\gui\framebuffer.h">
      <Filter>Header Files\GUI</Filter>
    </ClInclude>
    <ClInclude Include="..\src\utils\gl_utils.h">
      <Filter>Header Files\Utilities</Filter>
    </ClInclude>
    <ClInclude Include="..\src\utils\image.hpp">
      <Filter>Header Files\Utilities</Filter>
    </ClInclude>
    <ClInclude Include="..\src\core\model.h">
      <Filter>Header Files\Core</Filter>
    </ClInclude>
    <ClInclude Include="..\src\core\camera.h">
      <Filter>Header Files\Core</Filter>
    </ClInclude>
  </ItemGroup>
  <ItemGroup>
    <None Include="..\lib\bin\win32\FreeImage.dll">
      <Filter>Dependencies</Filter>
    </None>
    <None Include="..\lib\bin\win32\glew32.dll">
      <Filter>Dependencies</Filter>
    </None>
    <None Include="..\lib\bin\win32\libfftw3f-3.dll">
      <Filter>Dependencies</Filter>
    </None>
    <None Include="..\lib\bin\win32\AntTweakBar.dll">
      <Filter>Dependencies</Filter>
    </None>
    <None Include="..\res\priman.amc">
      <Filter>Resource Files</Filter>
    </None>
    <None Include="..\res\priman.asf">
      <Filter>Resource Files</Filter>
    </None>
    <None Include="..\lib\bin\win32\freeglut.dll">
      <Filter>Dependencies</Filter>
    </None>
  </ItemGroup>
  <ItemGroup>
    <Image Include="..\res\apertures\circular.png">
      <Filter>Resource Files\Apertures</Filter>
    </Image>
    <Image Include="..\res\apertures\heptagonal.png">
      <Filter>Resource Files\Apertures</Filter>
    </Image>
    <Image Include="..\res\apertures\noise1.png">
      <Filter>Resource Files\Apertures</Filter>
    </Image>
    <Image Include="..\res\apertures\noise2.png">
      <Filter>Resource Files\Apertures</Filter>
    </Image>
    <Image Include="..\res\apertures\noise3.png">
      <Filter>Resource Files\Apertures</Filter>
    </Image>
    <Image Include="..\res\apertures\noise4.png">
      <Filter>Resource Files\Apertures</Filter>
    </Image>
    <Image Include="..\res\apertures\noise5.png">
      <Filter>Resource Files\Apertures</Filter>
    </Image>
    <Image Include="..\res\apertures\noise6.png">
      <Filter>Resource Files\Apertures</Filter>
    </Image>
    <Image Include="..\res\apertures\pentagonal.png">
      <Filter>Resource Files\Apertures</Filter>
    </Image>
    <Image Include="..\res\apertures\pupil_closing.png">
      <Filter>Resource Files\Apertures</Filter>
    </Image>
    <Image Include="..\res\apertures\pupil_glare.png">
      <Filter>Resource Files\Apertures</Filter>
    </Image>
    <Image Include="..\res\apertures\pupil_open.png">
      <Filter>Resource Files\Apertures</Filter>
    </Image>
    <Image Include="..\res\san-miguel\Maps\TR02lef5.tga">
      <Filter>Resource Files\san-miguel\Maps</Filter>
    </Image>
    <Image Include="..\res\san-miguel\Maps\TR14lef1.tga">
      <Filter>Resource Files\san-miguel\Maps</Filter>
    </Image>
    <Image Include="..\res\san-miguel\Maps\trotsky_de_rivera.jpg">
      <Filter>Resource Files\san-miguel\Maps</Filter>
    </Image>
    <Image Include="..\res\san-miguel\Maps\Vigas_B.jpg">
      <Filter>Resource Files\san-miguel\Maps</Filter>
    </Image>
    <Image Include="..\res\san-miguel\Maps\wood.3.Bubinga.jpg">
      <Filter>Resource Files\san-miguel\Maps</Filter>
    </Image>
    <Image Include="..\res\san-miguel\Maps\WOOD08.png">
      <Filter>Resource Files\san-miguel\Maps</Filter>
    </Image>
    <Image Include="..\res\san-miguel\Maps\zebrina_pendula_bark.jpg">
      <Filter>Resource Files\san-miguel\Maps</Filter>
    </Image>
    <Image Include="..\res\san-miguel\Maps\0001_carros.jpg">
      <Filter>Resource Files\san-miguel\Maps</Filter>
    </Image>
    <Image Include="..\res\san-miguel\Maps\052terresable.jpg">
      <Filter>Resource Files\san-miguel\Maps</Filter>
    </Image>
    <Image Include="..\res\san-miguel\Maps\0290_Foto.jpg">
      <Filter>Resource Files\san-miguel\Maps</Filter>
    </Image>
    <Image Include="..\res\san-miguel\Maps\0332_Foto.jpg">
      <Filter>Resource Files\san-miguel\Maps</Filter>
    </Image>
    <Image Include="..\res\san-miguel\Maps\0798_Foto.jpg">
      <Filter>Resource Files\san-miguel\Maps</Filter>
    </Image>
    <Image Include="..\res\san-miguel\Maps\A_gazmetal_big_bump.jpg">
      <Filter>Resource Files\san-miguel\Maps</Filter>
    </Image>
    <Image Include="..\res\san-miguel\Maps\aglaonema_bark.jpg">
      <Filter>Resource Files\san-miguel\Maps</Filter>
    </Image>
    <Image Include="..\res\san-miguel\Maps\aglaonema_leaf.tga">
      <Filter>Resource Files\san-miguel\Maps</Filter>
    </Image>
    <Image Include="..\res\san-miguel\Maps\Alpah_01.jpg">
      <Filter>Resource Files\san-miguel\Maps</Filter>
    </Image>
    <Image Include="..\res\san-miguel\Maps\ampelopsis_brevipedunculata_bark.jpg">
      <Filter>Resource Files\san-miguel\Maps</Filter>
    </Image>
    <Image Include="..\res\san-miguel\Maps\arco_frente.jpg">
      <Filter>Resource Files\san-miguel\Maps</Filter>
    </Image>
    <Image Include="..\res\san-miguel\Maps\arco_frente_bump.jpg">
      <Filter>Resource Files\san-miguel\Maps</Filter>
    </Image>
    <Image Include="..\res\san-miguel\Maps\arco_frente_displace.jpg">
      <Filter>Resource Files\san-miguel\Maps</Filter>
    </Image>
    <Image Include="..\res\san-miguel\Maps\arcos_lisos_2_bump.jpg">
      <Filter>Resource Files\san-miguel\Maps</Filter>
    </Image>
    <Image Include="..\res\san-miguel\Maps\arcos_lisos_2_color.jpg">
      <Filter>Resource Files\san-miguel\Maps</Filter>
    </Image>
    <Image Include="..\res\san-miguel\Maps\arcos_lisos_2_diffusion.jpg">
      <Filter>Resource Files\san-miguel\Maps</Filter>
    </Image>
    <Image Include="..\res\san-miguel\Maps\arcos_lisos_2_displacement.jpg">
      <Filter>Resource Files\san-miguel\Maps</Filter>
    </Image>
    <Image Include="..\res\san-miguel\Maps\arcos_lisos_3_bump_1.jpg">
      <Filter>Resource Files\san-miguel\Maps</Filter>
    </Image>
    <Image Include="..\res\san-miguel\Maps\arcos_lisos_3_color_1.jpg">
      <Filter>Resource Files\san-miguel\Maps</Filter>
    </Image>
    <Image Include="..\res\san-miguel\Maps\arcos_lisos_3_diffusion_1.jpg">
      <Filter>Resource Files\san-miguel\Maps</Filter>
    </Image>
    <Image Include="..\res\san-miguel\Maps\arcos_lisos_3_displacement_1.jpg">
      <Filter>Resource Files\san-miguel\Maps</Filter>
    </Image>
    <Image Include="..\res\san-miguel\Maps\Barro_2.jpg">
      <Filter>Resource Files\san-miguel\Maps</Filter>
    </Image>
    <Image Include="..\res\san-miguel\Maps\BL05lef2.tga">
      <Filter>Resource Files\san-miguel\Maps</Filter>
    </Image>
    <Image Include="..\res\san-miguel\Maps\BS01brk.jpg">
      <Filter>Resource Files\san-miguel\Maps</Filter>
    </Image>
    <Image Include="..\res\san-miguel\Maps\BS01flo1.tga">
      <Filter>Resource Files\san-miguel\Maps</Filter>
    </Image>
    <Image Include="..\res\san-miguel\Maps\BS01flo2.tga">
      <Filter>Resource Files\san-miguel\Maps</Filter>
    </Image>
    <Image Include="..\res\san-miguel\Maps\BS01lef.tga">
      <Filter>Resource Files\san-miguel\Maps</Filter>
    </Image>
    <Image Include="..\res\san-miguel\Maps\BS04brk.jpg">
      <Filter>Resource Files\san-miguel\Maps</Filter>
    </Image>
    <Image Include="..\res\san-miguel\Maps\BS04flo.tga">
      <Filter>Resource Files\san-miguel\Maps</Filter>
    </Image>
    <Image Include="..\res\san-miguel\Maps\BS04lef.tga">
      <Filter>Resource Files\san-miguel\Maps</Filter>
    </Image>
    <Image Include="..\res\san-miguel\Maps\BWK_1024.png">
      <Filter>Resource Files\san-miguel\Maps</Filter>
    </Image>
    <Image Include="..\res\san-miguel\Maps\BWK_1024_3.png">
      <Filter>Resource Files\san-miguel\Maps</Filter>
    </Image>
    <Image Include="..\res\san-miguel\Maps\candil_madera.jpg">
      <Filter>Resource Files\san-miguel\Maps</Filter>
    </Image>
    <Image Include="..\res\san-miguel\Maps\candil_madera_bump.jpg">
      <Filter>Resource Files\san-miguel\Maps</Filter>
    </Image>
    <Image Include="..\res\san-miguel\Maps\cantera_naranja_liso.jpg">
      <Filter>Resource Files\san-miguel\Maps</Filter>
    </Image>
    <Image Include="..\res\san-miguel\Maps\cantera_naranja_liso_2.jpg">
      <Filter>Resource Files\san-miguel\Maps</Filter>
    </Image>
    <Image Include="..\res\san-miguel\Maps\cantera_naranja_liso_bump.jpg">
      <Filter>Resource Files\san-miguel\Maps</Filter>
    </Image>
    <Image Include="..\res\san-miguel\Maps\citrus_limon_leaf.tga">
      <Filter>Resource Files\san-miguel\Maps</Filter>
    </Image>
    <Image Include="..\res\san-miguel\Maps\columna_a_bump.jpg">
      <Filter>Resource Files\san-miguel\Maps</Filter>
    </Image>
    <Image Include="..\res\san-miguel\Maps\columna_a_color.jpg">
      <Filter>Resource Files\san-miguel\Maps</Filter>
    </Image>
    <Image Include="..\res\san-miguel\Maps\columna_a_color_2.jpg">
      <Filter>Resource Files\san-miguel\Maps</Filter>
    </Image>
    <Image Include="..\res\san-miguel\Maps\columna_a_diffusion.jpg">
      <Filter>Resource Files\san-miguel\Maps</Filter>
    </Image>
    <Image Include="..\res\san-miguel\Maps\columna_a_displacement.jpg">
      <Filter>Resource Files\san-miguel\Maps</Filter>
    </Image>
    <Image Include="..\res\san-miguel\Maps\columna_a_displacement_2.jpg">
      <Filter>Resource Files\san-miguel\Maps</Filter>
    </Image>
    <Image Include="..\res\san-miguel\Maps\columna_b_bump.jpg">
      <Filter>Resource Files\san-miguel\Maps</Filter>
    </Image>
    <Image Include="..\res\san-miguel\Maps\columna_b_color.jpg">
      <Filter>Resource Files\san-miguel\Maps</Filter>
    </Image>
    <Image Include="..\res\san-miguel\Maps\columna_b_diffusion.jpg">
      <Filter>Resource Files\san-miguel\Maps</Filter>
    </Image>
    <Image Include="..\res\san-miguel\Maps\cuadricula.jpg">
      <Filter>Resource Files\san-miguel\Maps</Filter>
    </Image>
    <Image Include="..\res\san-miguel\Maps\cut59L.jpg">
      <Filter>Resource Files\san-miguel\Maps</Filter>
    </Image>
    <Image Include="..\res\san-miguel\Maps\cut59Lb.jpg">
      <Filter>Resource Files\san-miguel\Maps</Filter>
    </Image>
    <Image Include="..\res\san-miguel\Maps\DetMoldura_01_Bump.jpg">
      <Filter>Resource Files\san-miguel\Maps</Filter>
    </Image>
    <Image Include="..\res\san-miguel\Maps\DetMoldura_01_Color.jpg">
      <Filter>Resource Files\san-miguel\Maps</Filter>
    </Image>
    <Image Include="..\res\san-miguel\Maps\DetMoldura_02_Bump.jpg">
      <Filter>Resource Files\san-miguel\Maps</Filter>
    </Image>
    <Image Include="..\res\san-miguel\Maps\DetMoldura_02_Color.jpg">
      <Filter>Resource Files\san-miguel\Maps</Filter>
    </Image>
    <Image Include="..\res\san-miguel\Maps\DetMoldura_03_Bump.jpg">
      <Filter>Resource Files\san-miguel\Maps</Filter>
    </Image>
    <Image Include="..\res\san-miguel\Maps\DetMoldura_03_Color.jpg">
      <Filter>Resource Files\san-miguel\Maps</Filter>
    </Image>
    <Image Include="..\res\san-miguel\Maps\DetMoldura_04_Bump.jpg">
      <Filter>Resource Files\san-miguel\Maps</Filter>
    </Image>
    <Image Include="..\res\san-miguel\Maps\DetMoldura_04_Color.jpg">
      <Filter>Resource Files\san-miguel\Maps</Filter>
    </Image>
    <Image Include="..\res\san-miguel\Maps\DetMoldura_05_Bump.jpg">
      <Filter>Resource Files\san-miguel\Maps</Filter>
    </Image>
    <Image Include="..\res\san-miguel\Maps\DetMoldura_05_Color.jpg">
      <Filter>Resource Files\san-miguel\Maps</Filter>
    </Image>
    <Image Include="..\res\san-miguel\Maps\DetMoldura_06_Bump.jpg">
      <Filter>Resource Files\san-miguel\Maps</Filter>
    </Image>
    <Image Include="..\res\san-miguel\Maps\DetMoldura_06_Color.jpg">
      <Filter>Resource Files\san-miguel\Maps</Filter>
    </Image>
    <Image Include="..\res\san-miguel\Maps\diego_rivera__desnudo_con_alcatraces.jpg">
      <Filter>Resource Files\san-miguel\Maps</Filter>
    </Image>
    <Image Include="..\res\san-miguel\Maps\diego_rivera_mujer_con_alcatraces.jpg">
      <Filter>Resource Files\san-miguel\Maps</Filter>
    </Image>
    <Image Include="..\res\san-miguel\Maps\diego_rivera_nias_con_flores.jpg">
      <Filter>Resource Files\san-miguel\Maps</Filter>
    </Image>
    <Image Include="..\res\san-miguel\Maps\dracaena_fragrans_leaf.tga">
      <Filter>Resource Files\san-miguel\Maps</Filter>
    </Image>
    <Image Include="..\res\san-miguel\Maps\elaeagnus_umbellate_bark.jpg">
      <Filter>Resource Files\san-miguel\Maps</Filter>
    </Image>
    <Image Include="..\res\san-miguel\Maps\Escalera_Bump.jpg">
      <Filter>Resource Files\san-miguel\Maps</Filter>
    </Image>
    <Image Include="..\res\san-miguel\Maps\Escalera_Color.jpg">
      <Filter>Resource Files\san-miguel\Maps</Filter>
    </Image>
    <Image Include="..\res\san-miguel\Maps\Escalera_Diffusion.jpg">
      <Filter>Resource Files\san-miguel\Maps</Filter>
    </Image>
    <Image Include="..\res\san-miguel\Maps\Escurridera_Bump.jpg">
      <Filter>Resource Files\san-miguel\Maps</Filter>
    </Image>
    <Image Include="..\res\san-miguel\Maps\Escurridera_Color.jpg">
      <Filter>Resource Files\san-miguel\Maps</Filter>
    </Image>
    <Image Include="..\res\san-miguel\Maps\EU15lef.tga">
      <Filter>Resource Files\san-miguel\Maps</Filter>
    </Image>
    <Image Include="..\res\san-miguel\Maps\Fierro_A.jpg">
      <Filter>Resource Files\san-miguel\Maps</Filter>
    </Image>
    <Image Include="..\res\san-miguel\Maps\fierro_a_bump.jpg">
      <Filter>Resource Files\san-miguel\Maps</Filter>
    </Image>
    <Image Include="..\res\san-miguel\Maps\fierro_b.jpg">
      <Filter>Resource Files\san-miguel\Maps</Filter>
    </Image>
    <Image Include="..\res\san-miguel\Maps\Finishes.Flooring.Carpet.Loop.5.jpg">
      <Filter>Resource Files\san-miguel\Maps</Filter>
    </Image>
    <Image Include="..\res\san-miguel\Maps\fittonia_verschaffeltii_bark.jpg">
      <Filter>Resource Files\san-miguel\Maps</Filter>
    </Image>
    <Image Include="..\res\san-miguel\Maps\FL03lef1.tga">
      <Filter>Resource Files\san-miguel\Maps</Filter>
    </Image>
    <Image Include="..\res\san-miguel\Maps\FL04cnt1.tga">
      <Filter>Resource Files\san-miguel\Maps</Filter>
    </Image>
    <Image Include="..\res\san-miguel\Maps\FL04cnt2.tga">
      <Filter>Resource Files\san-miguel\Maps</Filter>
    </Image>
    <Image Include="..\res\san-miguel\Maps\FL04lef1.tga">
      <Filter>Resource Files\san-miguel\Maps</Filter>
    </Image>
    <Image Include="..\res\san-miguel\Maps\FL04lef2.tga">
      <Filter>Resource Files\san-miguel\Maps</Filter>
    </Image>
    <Image Include="..\res\san-miguel\Maps\FL04pet1.tga">
      <Filter>Resource Files\san-miguel\Maps</Filter>
    </Image>
    <Image Include="..\res\san-miguel\Maps\FL04stm.jpg">
      <Filter>Resource Files\san-miguel\Maps</Filter>
    </Image>
    <Image Include="..\res\san-miguel\Maps\FL11lef1.tga">
      <Filter>Resource Files\san-miguel\Maps</Filter>
    </Image>
    <Image Include="..\res\san-miguel\Maps\FL11lef2.tga">
      <Filter>Resource Files\san-miguel\Maps</Filter>
    </Image>
    <Image Include="..\res\san-miguel\Maps\FL11pet1.tga">
      <Filter>Resource Files\san-miguel\Maps</Filter>
    </Image>
    <Image Include="..\res\san-miguel\Maps\FL11pet2.tga">
      <Filter>Resource Files\san-miguel\Maps</Filter>
    </Image>
    <Image Include="..\res\san-miguel\Maps\FL11pet3.tga">
      <Filter>Resource Files\san-miguel\Maps</Filter>
    </Image>
    <Image Include="..\res\san-miguel\Maps\FL11pet4.tga">
      <Filter>Resource Files\san-miguel\Maps</Filter>
    </Image>
    <Image Include="..\res\san-miguel\Maps\FL11sta.tga">
      <Filter>Resource Files\san-miguel\Maps</Filter>
    </Image>
    <Image Include="..\res\san-miguel\Maps\FL11stm.tga">
      <Filter>Resource Files\san-miguel\Maps</Filter>
    </Image>
    <Image Include="..\res\san-miguel\Maps\FL13lef1.tga">
      <Filter>Resource Files\san-miguel\Maps</Filter>
    </Image>
    <Image Include="..\res\san-miguel\Maps\FL13lef4.tga">
      <Filter>Resource Files\san-miguel\Maps</Filter>
    </Image>
    <Image Include="..\res\san-miguel\Maps\FL13lef5.tga">
      <Filter>Resource Files\san-miguel\Maps</Filter>
    </Image>
    <Image Include="..\res\san-miguel\Maps\FL13pet1.tga">
      <Filter>Resource Files\san-miguel\Maps</Filter>
    </Image>
    <Image Include="..\res\san-miguel\Maps\FL13pet2.tga">
      <Filter>Resource Files\san-miguel\Maps</Filter>
    </Image>
    <Image Include="..\res\san-miguel\Maps\FL13pet3.tga">
      <Filter>Resource Files\san-miguel\Maps</Filter>
    </Image>
    <Image Include="..\res\san-miguel\Maps\FL13stm.tga">
      <Filter>Resource Files\san-miguel\Maps</Filter>
    </Image>
    <Image Include="..\res\san-miguel\Maps\FL16lef1.tga">
      <Filter>Resource Files\san-miguel\Maps</Filter>
    </Image>
    <Image Include="..\res\san-miguel\Maps\FL16lef3.tga">
      <Filter>Resource Files\san-miguel\Maps</Filter>
    </Image>
    <Image Include="..\res\san-miguel\Maps\FL16pet1.tga">
      <Filter>Resource Files\san-miguel\Maps</Filter>
    </Image>
    <Image Include="..\res\san-miguel\Maps\FL16stm.jpg">
      <Filter>Resource Files\san-miguel\Maps</Filter>
    </Image>
    <Image Include="..\res\san-miguel\Maps\FL17cnt.jpg">
      <Filter>Resource Files\san-miguel\Maps</Filter>
    </Image>
    <Image Include="..\res\san-miguel\Maps\FL17lef1.tga">
      <Filter>Resource Files\san-miguel\Maps</Filter>
    </Image>
    <Image Include="..\res\san-miguel\Maps\FL17lef2.tga">
      <Filter>Resource Files\san-miguel\Maps</Filter>
    </Image>
    <Image Include="..\res\san-miguel\Maps\FL17lef3.tga">
      <Filter>Resource Files\san-miguel\Maps</Filter>
    </Image>
    <Image Include="..\res\san-miguel\Maps\FL17lef5.tga">
      <Filter>Resource Files\san-miguel\Maps</Filter>
    </Image>
    <Image Include="..\res\san-miguel\Maps\FL17lef6.tga">
      <Filter>Resource Files\san-miguel\Maps</Filter>
    </Image>
    <Image Include="..\res\san-miguel\Maps\FL17pet1.tga">
      <Filter>Resource Files\san-miguel\Maps</Filter>
    </Image>
    <Image Include="..\res\san-miguel\Maps\FL17pet2.tga">
      <Filter>Resource Files\san-miguel\Maps</Filter>
    </Image>
    <Image Include="..\res\san-miguel\Maps\FL17pet5.tga">
      <Filter>Resource Files\san-miguel\Maps</Filter>
    </Image>
    <Image Include="..\res\san-miguel\Maps\FL17stm.jpg">
      <Filter>Resource Files\san-miguel\Maps</Filter>
    </Image>
    <Image Include="..\res\san-miguel\Maps\FL19lef2.tga">
      <Filter>Resource Files\san-miguel\Maps</Filter>
    </Image>
    <Image Include="..\res\san-miguel\Maps\FL19lef3.tga">
      <Filter>Resource Files\san-miguel\Maps</Filter>
    </Image>
    <Image Include="..\res\san-miguel\Maps\FL19lef4.tga">
      <Filter>Resource Files\san-miguel\Maps</Filter>
    </Image>
    <Image Include="..\res\san-miguel\Maps\FL19pe13.tga">
      <Filter>Resource Files\san-miguel\Maps</Filter>
    </Image>
    <Image Include="..\res\san-miguel\Maps\FL19pe14.tga">
      <Filter>Resource Files\san-miguel\Maps</Filter>
    </Image>
    <Image Include="..\res\san-miguel\Maps\FL19pe15.tga">
      <Filter>Resource Files\san-miguel\Maps</Filter>
    </Image>
    <Image Include="..\res\san-miguel\Maps\FL19pe16.tga">
      <Filter>Resource Files\san-miguel\Maps</Filter>
    </Image>
    <Image Include="..\res\san-miguel\Maps\FL19stm.jpg">
      <Filter>Resource Files\san-miguel\Maps</Filter>
    </Image>
    <Image Include="..\res\san-miguel\Maps\FL24stm.jpg">
      <Filter>Resource Files\san-miguel\Maps</Filter>
    </Image>
    <Image Include="..\res\san-miguel\Maps\FL29cnt1.jpg">
      <Filter>Resource Files\san-miguel\Maps</Filter>
    </Image>
    <Image Include="..\res\san-miguel\Maps\FL29cnt2.jpg">
      <Filter>Resource Files\san-miguel\Maps</Filter>
    </Image>
    <Image Include="..\res\san-miguel\Maps\FL29lef.tga">
      <Filter>Resource Files\san-miguel\Maps</Filter>
    </Image>
    <Image Include="..\res\san-miguel\Maps\FL29pet1.tga">
      <Filter>Resource Files\san-miguel\Maps</Filter>
    </Image>
    <Image Include="..\res\san-miguel\Maps\FL29pet2.tga">
      <Filter>Resource Files\san-miguel\Maps</Filter>
    </Image>
    <Image Include="..\res\san-miguel\Maps\FL29stm1.jpg">
      <Filter>Resource Files\san-miguel\Maps</Filter>
    </Image>
    <Image Include="..\res\san-miguel\Maps\FL29stm2.jpg">
      <Filter>Resource Files\san-miguel\Maps</Filter>
    </Image>
    <Image Include="..\res\san-miguel\Maps\FL29twg.jpg">
      <Filter>Resource Files\san-miguel\Maps</Filter>
    </Image>
    <Image Include="..\res\san-miguel\Maps\forja_macetas.jpg">
      <Filter>Resource Files\san-miguel\Maps</Filter>
    </Image>
    <Image Include="..\res\san-miguel\Maps\forja_macetas_bump.jpg">
      <Filter>Resource Files\san-miguel\Maps</Filter>
    </Image>
    <Image Include="..\res\san-miguel\Maps\foto_memo.jpg">
      <Filter>Resource Files\san-miguel\Maps</Filter>
    </Image>
    <Image Include="..\res\san-miguel\Maps\frida_kahlo.jpg">
      <Filter>Resource Files\san-miguel\Maps</Filter>
    </Image>
    <Image Include="..\res\san-miguel\Maps\fuente_piedra_03.jpg">
      <Filter>Resource Files\san-miguel\Maps</Filter>
    </Image>
    <Image Include="..\res\san-miguel\Maps\HP01lef1.tga">
      <Filter>Resource Files\san-miguel\Maps</Filter>
    </Image>
    <Image Include="..\res\san-miguel\Maps\HP01lef2.tga">
      <Filter>Resource Files\san-miguel\Maps</Filter>
    </Image>
    <Image Include="..\res\san-miguel\Maps\HP01pet1.tga">
      <Filter>Resource Files\san-miguel\Maps</Filter>
    </Image>
    <Image Include="..\res\san-miguel\Maps\HP01pet2.jpg">
      <Filter>Resource Files\san-miguel\Maps</Filter>
    </Image>
    <Image Include="..\res\san-miguel\Maps\HP01pet3.jpg">
      <Filter>Resource Files\san-miguel\Maps</Filter>
    </Image>
    <Image Include="..\res\san-miguel\Maps\HP01stm1.jpg">
      <Filter>Resource Files\san-miguel\Maps</Filter>
    </Image>
    <Image Include="..\res\san-miguel\Maps\HP01stm2.jpg">
      <Filter>Resource Files\san-miguel\Maps</Filter>
    </Image>
    <Image Include="..\res\san-miguel\Maps\HP04lef2.tga">
      <Filter>Resource Files\san-miguel\Maps</Filter>
    </Image>
    <Image Include="..\res\san-miguel\Maps\HP07lef1.tga">
      <Filter>Resource Files\san-miguel\Maps</Filter>
    </Image>
    <Image Include="..\res\san-miguel\Maps\HP07lef2.tga">
      <Filter>Resource Files\san-miguel\Maps</Filter>
    </Image>
    <Image Include="..\res\san-miguel\Maps\HP07stm1.jpg">
      <Filter>Resource Files\san-miguel\Maps</Filter>
    </Image>
    <Image Include="..\res\san-miguel\Maps\HP07stm2.tga">
      <Filter>Resource Files\san-miguel\Maps</Filter>
    </Image>
    <Image Include="..\res\san-miguel\Maps\HP11lef2.tga">
      <Filter>Resource Files\san-miguel\Maps</Filter>
    </Image>
    <Image Include="..\res\san-miguel\Maps\HP11stm.jpg">
      <Filter>Resource Files\san-miguel\Maps</Filter>
    </Image>
    <Image Include="..\res\san-miguel\Maps\HP13lef1.tga">
      <Filter>Resource Files\san-miguel\Maps</Filter>
    </Image>
    <Image Include="..\res\san-miguel\Maps\HP13lef2.tga">
      <Filter>Resource Files\san-miguel\Maps</Filter>
    </Image>
    <Image Include="..\res\san-miguel\Maps\HP13lef3.tga">
      <Filter>Resource Files\san-miguel\Maps</Filter>
    </Image>
    <Image Include="..\res\san-miguel\Maps\HP13stm2.jpg">
      <Filter>Resource Files\san-miguel\Maps</Filter>
    </Image>
    <Image Include="..\res\san-miguel\Maps\HP17lef1.tga">
      <Filter>Resource Files\san-miguel\Maps</Filter>
    </Image>
    <Image Include="..\res\san-miguel\Maps\HP17lef2.tga">
      <Filter>Resource Files\san-miguel\Maps</Filter>
    </Image>
    <Image Include="..\res\san-miguel\Maps\HP17lef3.tga">
      <Filter>Resource Files\san-miguel\Maps</Filter>
    </Image>
    <Image Include="..\res\san-miguel\Maps\HP17stm.jpg">
      <Filter>Resource Files\san-miguel\Maps</Filter>
    </Image>
    <Image Include="..\res\san-miguel\Maps\HP19lef2.tga">
      <Filter>Resource Files\san-miguel\Maps</Filter>
    </Image>
    <Image Include="..\res\san-miguel\Maps\HP19lef3.tga">
      <Filter>Resource Files\san-miguel\Maps</Filter>
    </Image>
    <Image Include="..\res\san-miguel\Maps\HP19stm1.jpg">
      <Filter>Resource Files\san-miguel\Maps</Filter>
    </Image>
    <Image Include="..\res\san-miguel\Maps\HP19stm2.jpg">
      <Filter>Resource Files\san-miguel\Maps</Filter>
    </Image>
    <Image Include="..\res\san-miguel\Maps\hypoestes_phyllostachya_bark.jpg">
      <Filter>Resource Files\san-miguel\Maps</Filter>
    </Image>
    <Image Include="..\res\san-miguel\Maps\impatiens_newguinea_hybrids_petal.tga">
      <Filter>Resource Files\san-miguel\Maps</Filter>
    </Image>
    <Image Include="..\res\san-miguel\Maps\indt51M.jpg">
      <Filter>Resource Files\san-miguel\Maps</Filter>
    </Image>
    <Image Include="..\res\san-miguel\Maps\jardinera_1_bump.jpg">
      <Filter>Resource Files\san-miguel\Maps</Filter>
    </Image>
    <Image Include="..\res\san-miguel\Maps\jardinera_1_color.jpg">
      <Filter>Resource Files\san-miguel\Maps</Filter>
    </Image>
    <Image Include="..\res\san-miguel\Maps\jardinera_1_diffusion.jpg">
      <Filter>Resource Files\san-miguel\Maps</Filter>
    </Image>
    <Image Include="..\res\san-miguel\Maps\jardinera_1_displacement_2.jpg">
      <Filter>Resource Files\san-miguel\Maps</Filter>
    </Image>
    <Image Include="..\res\san-miguel\Maps\jardinera_2_bump.jpg">
      <Filter>Resource Files\san-miguel\Maps</Filter>
    </Image>
    <Image Include="..\res\san-miguel\Maps\jardinera_2_color.jpg">
      <Filter>Resource Files\san-miguel\Maps</Filter>
    </Image>
    <Image Include="..\res\san-miguel\Maps\jardinera_3_displacement.jpg">
      <Filter>Resource Files\san-miguel\Maps</Filter>
    </Image>
    <Image Include="..\res\san-miguel\Maps\la_faura_tomando_iii-2-27.JPG">
      <Filter>Resource Files\san-miguel\Maps</Filter>
    </Image>
    <Image Include="..\res\san-miguel\Maps\lolita_la_serenita_iii-2-25.JPG">
      <Filter>Resource Files\san-miguel\Maps</Filter>
    </Image>
    <Image Include="..\res\san-miguel\Maps\Losa.jpg">
      <Filter>Resource Files\san-miguel\Maps</Filter>
    </Image>
    <Image Include="..\res\san-miguel\Maps\maceta_a_bump.jpg">
      <Filter>Resource Files\san-miguel\Maps</Filter>
    </Image>
    <Image Include="..\res\san-miguel\Maps\maceta_a_color.jpg">
      <Filter>Resource Files\san-miguel\Maps</Filter>
    </Image>
    <Image Include="..\res\san-miguel\Maps\maceta_a2_color.jpg">
      <Filter>Resource Files\san-miguel\Maps</Filter>
    </Image>
    <Image Include="..\res\san-miguel\Maps\maceta_alpha.jpg">
      <Filter>Resource Files\san-miguel\Maps</Filter>
    </Image>
    <Image Include="..\res\san-miguel\Maps\maceta_b_bump.jpg">
      <Filter>Resource Files\san-miguel\Maps</Filter>
    </Image>
    <Image Include="..\res\san-miguel\Maps\maceta_b_color.jpg">
      <Filter>Resource Files\san-miguel\Maps</Filter>
    </Image>
    <Image Include="..\res\san-miguel\Maps\maceta_b2_color.jpg">
      <Filter>Resource Files\san-miguel\Maps</Filter>
    </Image>
    <Image Include="..\res\san-miguel\Maps\maceta_c_bump.jpg">
      <Filter>Resource Files\san-miguel\Maps</Filter>
    </Image>
    <Image Include="..\res\san-miguel\Maps\maceta_c_color.jpg">
      <Filter>Resource Files\san-miguel\Maps</Filter>
    </Image>
    <Image Include="..\res\san-miguel\Maps\maceta_c2_color.jpg">
      <Filter>Resource Files\san-miguel\Maps</Filter>
    </Image>
    <Image Include="..\res\san-miguel\Maps\maceta_d_bump_0.jpg">
      <Filter>Resource Files\san-miguel\Maps</Filter>
    </Image>
    <Image Include="..\res\san-miguel\Maps\maceta_d_color_0.jpg">
      <Filter>Resource Files\san-miguel\Maps</Filter>
    </Image>
    <Image Include="..\res\san-miguel\Maps\maceta_d2_color_0.jpg">
      <Filter>Resource Files\san-miguel\Maps</Filter>
    </Image>
    <Image Include="..\res\san-miguel\Maps\maceta_mix.jpg">
      <Filter>Resource Files\san-miguel\Maps</Filter>
    </Image>
    <Image Include="..\res\san-miguel\Maps\maceta_tierra_a_color.jpg">
      <Filter>Resource Files\san-miguel\Maps</Filter>
    </Image>
    <Image Include="..\res\san-miguel\Maps\madera_barandal_esc_2.jpg">
      <Filter>Resource Files\san-miguel\Maps</Filter>
    </Image>
    <Image Include="..\res\san-miguel\Maps\madera_barandal_esc_2_bump.jpg">
      <Filter>Resource Files\san-miguel\Maps</Filter>
    </Image>
    <Image Include="..\res\san-miguel\Maps\madera_marcos.jpg">
      <Filter>Resource Files\san-miguel\Maps</Filter>
    </Image>
    <Image Include="..\res\san-miguel\Maps\madera_marcos_bump.jpg">
      <Filter>Resource Files\san-miguel\Maps</Filter>
    </Image>
    <Image Include="..\res\san-miguel\Maps\madera_triplay_01.jpg">
      <Filter>Resource Files\san-miguel\Maps</Filter>
    </Image>
    <Image Include="..\res\san-miguel\Maps\Map__50_Mix.tga">
      <Filter>Resource Files\san-miguel\Maps</Filter>
    </Image>
    <Image Include="..\res\san-miguel\Maps\Map__54_Mix.tga">
      <Filter>Resource Files\san-miguel\Maps</Filter>
    </Image>
    <Image Include="..\res\san-miguel\Maps\Map__59_Mix.tga">
      <Filter>Resource Files\san-miguel\Maps</Filter>
    </Image>
    <Image Include="..\res\san-miguel\Maps\Map__64_Mix.tga">
      <Filter>Resource Files\san-miguel\Maps</Filter>
    </Image>
    <Image Include="..\res\san-miguel\Maps\Map__71_Mix.tga">
      <Filter>Resource Files\san-miguel\Maps</Filter>
    </Image>
    <Image Include="..\res\san-miguel\Maps\Map__77_Mix.tga">
      <Filter>Resource Files\san-miguel\Maps</Filter>
    </Image>
    <Image Include="..\res\san-miguel\Maps\Map__81_Mix.tga">
      <Filter>Resource Files\san-miguel\Maps</Filter>
    </Image>
    <Image Include="..\res\san-miguel\Maps\maps.hi.282.jpg">
      <Filter>Resource Files\san-miguel\Maps</Filter>
    </Image>
    <Image Include="..\res\san-miguel\Maps\maps.hi.291.jpg">
      <Filter>Resource Files\san-miguel\Maps</Filter>
    </Image>
    <Image Include="..\res\san-miguel\Maps\marco_puerta_1.jpg">
      <Filter>Resource Files\san-miguel\Maps</Filter>
    </Image>
    <Image Include="..\res\san-miguel\Maps\marco_puerta_1_bump.jpg">
      <Filter>Resource Files\san-miguel\Maps</Filter>
    </Image>
    <Image Include="..\res\san-miguel\Maps\marx_de_rivera.jpg">
      <Filter>Resource Files\san-miguel\Maps</Filter>
    </Image>
    <Image Include="..\res\san-miguel\Maps\metal_viejo_2.jpg">
      <Filter>Resource Files\san-miguel\Maps</Filter>
    </Image>
    <Image Include="..\res\san-miguel\Maps\mold_arco_01_bump.jpg">
      <Filter>Resource Files\san-miguel\Maps</Filter>
    </Image>
    <Image Include="..\res\san-miguel\Maps\mold_arco_01_color.jpg">
      <Filter>Resource Files\san-miguel\Maps</Filter>
    </Image>
    <Image Include="..\res\san-miguel\Maps\moldura_techo.jpg">
      <Filter>Resource Files\san-miguel\Maps</Filter>
    </Image>
    <Image Include="..\res\san-miguel\Maps\moldura_techo_2ambient_occlusion__mr_.jpg">
      <Filter>Resource Files\san-miguel\Maps</Filter>
    </Image>
    <Image Include="..\res\san-miguel\Maps\moldura_techo_dirt.jpg">
      <Filter>Resource Files\san-miguel\Maps</Filter>
    </Image>
    <Image Include="..\res\san-miguel\Maps\moldura_volado.jpg">
      <Filter>Resource Files\san-miguel\Maps</Filter>
    </Image>
    <Image Include="..\res\san-miguel\Maps\Moldura2piso_Bump.jpg">
      <Filter>Resource Files\san-miguel\Maps</Filter>
    </Image>
    <Image Include="..\res\san-miguel\Maps\Moldura2piso_Color.jpg">
      <Filter>Resource Files\san-miguel\Maps</Filter>
    </Image>
    <Image Include="..\res\san-miguel\Maps\Moldura2piso_Diffusion.jpg">
      <Filter>Resource Files\san-miguel\Maps</Filter>
    </Image>
    <Image Include="..\res\san-miguel\Maps\Molduraterraza__Color.jpg">
      <Filter>Resource Files\san-miguel\Maps</Filter>
    </Image>
    <Image Include="..\res\san-miguel\Maps\MolduraTerraza_Bump.jpg">
      <Filter>Resource Files\san-miguel\Maps</Filter>
    </Image>
    <Image Include="..\res\san-miguel\Maps\orozco_01.jpg">
      <Filter>Resource Files\san-miguel\Maps</Filter>
    </Image>
    <Image Include="..\res\san-miguel\Maps\p_en_pantalla_grande_iii-2-5.JPG">
      <Filter>Resource Files\san-miguel\Maps</Filter>
    </Image>
    <Image Include="..\res\san-miguel\Maps\pared_calle.jpg">
      <Filter>Resource Files\san-miguel\Maps</Filter>
    </Image>
    <Image Include="..\res\san-miguel\Maps\postes_barandal_bump.jpg">
      <Filter>Resource Files\san-miguel\Maps</Filter>
    </Image>
    <Image Include="..\res\san-miguel\Maps\postes_barandal_color.jpg">
      <Filter>Resource Files\san-miguel\Maps</Filter>
    </Image>
    <Image Include="..\res\san-miguel\Maps\Puerta.jpg">
      <Filter>Resource Files\san-miguel\Maps</Filter>
    </Image>
    <Image Include="..\res\san-miguel\Maps\puerta_bump.jpg">
      <Filter>Resource Files\san-miguel\Maps</Filter>
    </Image>
    <Image Include="..\res\san-miguel\Maps\quercus_rubra_bark.jpg">
      <Filter>Resource Files\san-miguel\Maps</Filter>
    </Image>
    <Image Include="..\res\san-miguel\Maps\rust_a1.jpg">
      <Filter>Resource Files\san-miguel\Maps</Filter>
    </Image>
    <Image Include="..\res\san-miguel\Maps\rust_detalle.jpg">
      <Filter>Resource Files\san-miguel\Maps</Filter>
    </Image>
    <Image Include="..\res\san-miguel\Maps\rust_detalle_bump.jpg">
      <Filter>Resource Files\san-miguel\Maps</Filter>
    </Image>
    <Image Include="..\res\san-miguel\Maps\Silla_D_Piel.jpg">
      <Filter>Resource Files\san-miguel\Maps</Filter>
    </Image>
    <Image Include="..\res\san-miguel\Maps\Silla_D_Piel_bump.jpg">
      <Filter>Resource Files\san-miguel\Maps</Filter>
    </Image>
    <Image Include="..\res\san-miguel\Maps\SM_Leaf_01_Alpah.jpg">
      <Filter>Resource Files\san-miguel\Maps</Filter>
    </Image>
    <Image Include="..\res\san-miguel\Maps\SM_Leaf_01a.jpg">
      <Filter>Resource Files\san-miguel\Maps</Filter>
    </Image>
    <Image Include="..\res\san-miguel\Maps\SM_Leaf_01a_gloos.jpg">
      <Filter>Resource Files\san-miguel\Maps</Filter>
    </Image>
    <Image Include="..\res\san-miguel\Maps\SM_Leaf_01b.jpg">
      <Filter>Resource Files\san-miguel\Maps</Filter>
    </Image>
    <Image Include="..\res\san-miguel\Maps\SM_Leaf_01c.jpg">
      <Filter>Resource Files\san-miguel\Maps</Filter>
    </Image>
    <Image Include="..\res\san-miguel\Maps\sm_leaf_02_alpah.jpg">
      <Filter>Resource Files\san-miguel\Maps</Filter>
    </Image>
    <Image Include="..\res\san-miguel\Maps\sm_leaf_seca_02a.jpg">
      <Filter>Resource Files\san-miguel\Maps</Filter>
    </Image>
    <Image Include="..\res\san-miguel\Maps\sm_leaf_seca_02b.jpg">
      <Filter>Resource Files\san-miguel\Maps</Filter>
    </Image>
    <Image Include="..\res\san-miguel\Maps\sm_leaf_seca_03c.jpg">
      <Filter>Resource Files\san-miguel\Maps</Filter>
    </Image>
    <Image Include="..\res\san-miguel\Maps\SM_Tronco.jpg">
      <Filter>Resource Files\san-miguel\Maps</Filter>
    </Image>
    <Image Include="..\res\san-miguel\Maps\SM_Tronco_bump.jpg">
      <Filter>Resource Files\san-miguel\Maps</Filter>
    </Image>
    <Image Include="..\res\san-miguel\Maps\Tapa_Talabera.TGA">
      <Filter>Resource Files\san-miguel\Maps</Filter>
    </Image>
    <Image Include="..\res\san-miguel\Maps\Tela_Mesa_A.tga">
      <Filter>Resource Files\san-miguel\Maps</Filter>
    </Image>
    <Image Include="..\res\san-miguel\Maps\Tela_Mesa_A_Bump.png">
      <Filter>Resource Files\san-miguel\Maps</Filter>
    </Image>
    <Image Include="..\res\san-miguel\Maps\Tela_Mesa_Cuadrada_Alpah.jpg">
      <Filter>Resource Files\san-miguel\Maps</Filter>
    </Image>
    <Image Include="..\res\san-miguel\Maps\Tela_Sillas_1.jpg">
      <Filter>Resource Files\san-miguel\Maps</Filter>
    </Image>
    <Image Include="..\res\san-miguel\Maps\tela_sillas_1_bump.jpg">
      <Filter>Resource Files\san-miguel\Maps</Filter>
    </Image>
  </ItemGroup>
  <ItemGroup>
    <Text Include="..\res\shaders\generic\fs_quad.vert">
      <Filter>Resource Files\Shaders\Generic</Filter>
    </Text>
    <Text Include="..\res\shaders\tonemap\reinhard.frag">
      <Filter>Resource Files\Shaders\Tonemapping</Filter>
    </Text>
    <Text Include="..\res\shaders\tonemap\log_lum.frag">
      <Filter>Resource Files\Shaders\Tonemapping</Filter>
    </Text>
  </ItemGroup>
  <ItemGroup>
    <Media Include="..\res\Bunny.obj">
      <Filter>Resource Files</Filter>
    </Media>
    <Media Include="..\res\Teapot.obj">
      <Filter>Resource Files</Filter>
    </Media>
    <Media Include="..\res\san-miguel\san-miguel.mtl">
      <Filter>Resource Files\san-miguel</Filter>
    </Media>
    <Media Include="..\res\san-miguel\san-miguel.obj">
      <Filter>Resource Files\san-miguel</Filter>
    </Media>
    <Media Include="..\res\lighthouse\Lighthouse.mtl">
      <Filter>Resource Files\lighthouse</Filter>
    </Media>
    <Media Include="..\res\lighthouse\Lighthouse.obj">
      <Filter>Resource Files\lighthouse</Filter>
    </Media>
    <Media Include="..\res\lighthouse\OutBuilding.mtl">
      <Filter>Resource Files\lighthouse</Filter>
    </Media>
    <Media Include="..\res\lighthouse\OutBuilding.obj">
      <Filter>Resource Files\lighthouse</Filter>
    </Media>
    <Media Include="..\res\lighthouse\Terrain.mtl">
      <Filter>Resource Files\lighthouse</Filter>
    </Media>
    <Media Include="..\res\lighthouse\Terrain.obj">
      <Filter>Resource Files\lighthouse</Filter>
    </Media>
    <Media Include="..\res\lighthouse\Trees.mtl">
      <Filter>Resource Files\lighthouse</Filter>
    </Media>
    <Media Include="..\res\lighthouse\Trees.obj">
      <Filter>Resource Files\lighthouse</Filter>
    </Media>
  </ItemGroup>
</Project>