<?xml version="1.0" encoding="utf-8"?>
<Project ToolsVersion="4.0" xmlns="http://schemas.microsoft.com/developer/msbuild/2003">
  <ItemGroup>
    <Filter Include="Source Files">
      <UniqueIdentifier>{4FC737F1-C7A5-4376-A066-2A32D752A2FF}</UniqueIdentifier>
      <Extensions>cpp;c;cc;cxx;def;odl;idl;hpj;bat;asm;asmx</Extensions>
    </Filter>
    <Filter Include="Header Files">
      <UniqueIdentifier>{93995380-89BD-4b04-88EB-625FBE52EBFB}</UniqueIdentifier>
      <Extensions>h;hh;hpp;hxx;hm;inl;inc;xsd</Extensions>
    </Filter>
    <Filter Include="Resource Files">
      <UniqueIdentifier>{67DA6AB6-F800-4c08-8B7A-83BB121AAD01}</UniqueIdentifier>
      <Extensions>rc;ico;cur;bmp;dlg;rc2;rct;bin;rgs;gif;jpg;jpeg;jpe;resx;tiff;tif;png;wav;mfcribbon-ms</Extensions>
    </Filter>
    <Filter Include="Resource Files\Apertures">
      <UniqueIdentifier>{a371ce97-fcc1-4fed-8597-1705841f47d1}</UniqueIdentifier>
    </Filter>
    <Filter Include="Resource Files\Shaders">
      <UniqueIdentifier>{a3c76a2a-c965-47ab-b23f-d6950e5b795c}</UniqueIdentifier>
    </Filter>
    <Filter Include="Source Files\Utilities">
      <UniqueIdentifier>{d73cf283-2db4-4ada-b318-27540e2ee4c0}</UniqueIdentifier>
    </Filter>
    <Filter Include="Header Files\Utilities">
      <UniqueIdentifier>{f70e0721-5877-4a2c-83b7-6be679887764}</UniqueIdentifier>
    </Filter>
    <Filter Include="Header Files\Core">
      <UniqueIdentifier>{1f8fdcd4-57e0-4444-b753-3bb0e1b658b0}</UniqueIdentifier>
    </Filter>
    <Filter Include="Source Files\Core">
      <UniqueIdentifier>{ad4246c2-107f-43d5-83e5-17db927a45fa}</UniqueIdentifier>
    </Filter>
    <Filter Include="Dependencies">
      <UniqueIdentifier>{ce72ae25-9790-4c8e-9785-ed08f248d86e}</UniqueIdentifier>
    </Filter>
    <Filter Include="Header Files\GUI">
      <UniqueIdentifier>{d748256c-753e-44ef-a500-572cbd2231ef}</UniqueIdentifier>
    </Filter>
    <Filter Include="Source Files\GUI">
      <UniqueIdentifier>{18a1e681-55a1-4d88-8f53-a0ab71340ded}</UniqueIdentifier>
    </Filter>
  </ItemGroup>
  <ItemGroup>
    <ClCompile Include="..\src\G308_Skeleton.cpp">
      <Filter>Source Files</Filter>
    </ClCompile>
    <ClCompile Include="..\src\main.cpp">
      <Filter>Source Files</Filter>
    </ClCompile>
    <ClCompile Include="..\src\gui\program.cpp">
      <Filter>Source Files\GUI</Filter>
    </ClCompile>
    <ClCompile Include="..\src\gui\bar.cpp">
      <Filter>Source Files\GUI</Filter>
    </ClCompile>
    <ClCompile Include="..\src\gui\framebuffer.cpp">
      <Filter>Source Files\GUI</Filter>
    </ClCompile>
    <ClCompile Include="..\src\utils\gl_utils.cpp">
      <Filter>Source Files\Utilities</Filter>
    </ClCompile>
    <ClCompile Include="..\src\utils\image.cpp">
      <Filter>Source Files\Utilities</Filter>
    </ClCompile>
  </ItemGroup>
  <ItemGroup>
    <ClInclude Include="..\src\define.h">
      <Filter>Header Files</Filter>
    </ClInclude>
    <ClInclude Include="..\src\G308_Skeleton.h">
      <Filter>Header Files</Filter>
    </ClInclude>
    <ClInclude Include="..\src\gui\bar.h">
      <Filter>Header Files\GUI</Filter>
    </ClInclude>
    <ClInclude Include="..\src\gui\program.h">
      <Filter>Header Files\GUI</Filter>
    </ClInclude>
    <ClInclude Include="..\src\gui\framebuffer.h">
      <Filter>Header Files\GUI</Filter>
    </ClInclude>
    <ClInclude Include="..\src\utils\gl_utils.h">
      <Filter>Header Files\Utilities</Filter>
    </ClInclude>
    <ClInclude Include="..\src\utils\image.hpp">
      <Filter>Header Files\Utilities</Filter>
    </ClInclude>
  </ItemGroup>
  <ItemGroup>
    <None Include="..\lib\bin\win32\FreeImage.dll">
      <Filter>Dependencies</Filter>
    </None>
    <None Include="..\lib\bin\win32\glew32.dll">
      <Filter>Dependencies</Filter>
    </None>
    <None Include="..\lib\bin\win32\libfftw3f-3.dll">
      <Filter>Dependencies</Filter>
    </None>
    <None Include="..\lib\bin\win32\AntTweakBar.dll">
      <Filter>Dependencies</Filter>
    </None>
    <None Include="..\res\priman.amc">
      <Filter>Resource Files</Filter>
    </None>
    <None Include="..\res\priman.asf">
      <Filter>Resource Files</Filter>
    </None>
    <None Include="..\res\shaders\default.frag">
      <Filter>Resource Files\Shaders</Filter>
    </None>
    <None Include="..\res\shaders\default.vert">
      <Filter>Resource Files\Shaders</Filter>
    </None>
  </ItemGroup>
  <ItemGroup>
    <Image Include="..\res\apertures\circular.png">
      <Filter>Resource Files\Apertures</Filter>
    </Image>
    <Image Include="..\res\apertures\heptagonal.png">
      <Filter>Resource Files\Apertures</Filter>
    </Image>
    <Image Include="..\res\apertures\noise1.png">
      <Filter>Resource Files\Apertures</Filter>
    </Image>
    <Image Include="..\res\apertures\noise2.png">
      <Filter>Resource Files\Apertures</Filter>
    </Image>
    <Image Include="..\res\apertures\noise3.png">
      <Filter>Resource Files\Apertures</Filter>
    </Image>
    <Image Include="..\res\apertures\noise4.png">
      <Filter>Resource Files\Apertures</Filter>
    </Image>
    <Image Include="..\res\apertures\noise5.png">
      <Filter>Resource Files\Apertures</Filter>
    </Image>
    <Image Include="..\res\apertures\noise6.png">
      <Filter>Resource Files\Apertures</Filter>
    </Image>
    <Image Include="..\res\apertures\pentagonal.png">
      <Filter>Resource Files\Apertures</Filter>
    </Image>
    <Image Include="..\res\apertures\pupil_closing.png">
      <Filter>Resource Files\Apertures</Filter>
    </Image>
    <Image Include="..\res\apertures\pupil_glare.png">
      <Filter>Resource Files\Apertures</Filter>
    </Image>
    <Image Include="..\res\apertures\pupil_open.png">
      <Filter>Resource Files\Apertures</Filter>
    </Image>
  </ItemGroup>
</Project>